
Microsoft Visual Studio Solution File, Format Version 11.00
# Visual Studio 2010
Project("{FAE04EC0-301F-11D3-BF4B-00C04F79EFBC}") = "TRODS", "TRODS\TRODS\TRODS.csproj", "{3E2904BA-A314-4C36-A825-DECCCC8E2D1F}"
EndProject
Project("{FAE04EC0-301F-11D3-BF4B-00C04F79EFBC}") = "TRODSContent", "TRODS\TRODSContent\TRODSContent.contentproj", "{07933403-6BCA-4DD7-B61D-9F19077586FC}"
EndProject
Project("{FAE04EC0-301F-11D3-BF4B-00C04F79EFBC}") = "EugLib", "TRODS\TRODS\EugLib\EugLib\EugLib.csproj", "{9CCE283B-B632-42A8-A90F-F29C6299F4FA}"
EndProject
Global
	GlobalSection(SolutionConfigurationPlatforms) = preSolution
		Debug|Any CPU = Debug|Any CPU
		Debug|Mixed Platforms = Debug|Mixed Platforms
		Debug|x86 = Debug|x86
		Release|Any CPU = Release|Any CPU
		Release|Mixed Platforms = Release|Mixed Platforms
		Release|x86 = Release|x86
	EndGlobalSection
	GlobalSection(ProjectConfigurationPlatforms) = postSolution
		{3E2904BA-A314-4C36-A825-DECCCC8E2D1F}.Debug|Any CPU.ActiveCfg = Debug|x86
		{3E2904BA-A314-4C36-A825-DECCCC8E2D1F}.Debug|Mixed Platforms.ActiveCfg = Debug|x86
		{3E2904BA-A314-4C36-A825-DECCCC8E2D1F}.Debug|Mixed Platforms.Build.0 = Debug|x86
		{3E2904BA-A314-4C36-A825-DECCCC8E2D1F}.Debug|x86.ActiveCfg = Debug|x86
		{3E2904BA-A314-4C36-A825-DECCCC8E2D1F}.Debug|x86.Build.0 = Debug|x86
		{3E2904BA-A314-4C36-A825-DECCCC8E2D1F}.Release|Any CPU.ActiveCfg = Release|x86
		{3E2904BA-A314-4C36-A825-DECCCC8E2D1F}.Release|Mixed Platforms.ActiveCfg = Release|x86
		{3E2904BA-A314-4C36-A825-DECCCC8E2D1F}.Release|Mixed Platforms.Build.0 = Release|x86
		{3E2904BA-A314-4C36-A825-DECCCC8E2D1F}.Release|x86.ActiveCfg = Release|x86
		{3E2904BA-A314-4C36-A825-DECCCC8E2D1F}.Release|x86.Build.0 = Release|x86
		{07933403-6BCA-4DD7-B61D-9F19077586FC}.Debug|Any CPU.ActiveCfg = Debug|x86
		{07933403-6BCA-4DD7-B61D-9F19077586FC}.Debug|Mixed Platforms.ActiveCfg = Debug|x86
		{07933403-6BCA-4DD7-B61D-9F19077586FC}.Debug|x86.ActiveCfg = Debug|x86
		{07933403-6BCA-4DD7-B61D-9F19077586FC}.Release|Any CPU.ActiveCfg = Release|x86
		{07933403-6BCA-4DD7-B61D-9F19077586FC}.Release|Mixed Platforms.ActiveCfg = Release|x86
		{07933403-6BCA-4DD7-B61D-9F19077586FC}.Release|x86.ActiveCfg = Release|x86
		{9CCE283B-B632-42A8-A90F-F29C6299F4FA}.Debug|Any CPU.ActiveCfg = Debug|Any CPU
		{9CCE283B-B632-42A8-A90F-F29C6299F4FA}.Debug|Any CPU.Build.0 = Debug|Any CPU
		{9CCE283B-B632-42A8-A90F-F29C6299F4FA}.Debug|Mixed Platforms.ActiveCfg = Debug|Any CPU
		{9CCE283B-B632-42A8-A90F-F29C6299F4FA}.Debug|Mixed Platforms.Build.0 = Debug|Any CPU
		{9CCE283B-B632-42A8-A90F-F29C6299F4FA}.Debug|x86.ActiveCfg = Debug|Any CPU
		{9CCE283B-B632-42A8-A90F-F29C6299F4FA}.Release|Any CPU.ActiveCfg = Release|Any CPU
		{9CCE283B-B632-42A8-A90F-F29C6299F4FA}.Release|Any CPU.Build.0 = Release|Any CPU
		{9CCE283B-B632-42A8-A90F-F29C6299F4FA}.Release|Mixed Platforms.ActiveCfg = Release|Any CPU
		{9CCE283B-B632-42A8-A90F-F29C6299F4FA}.Release|Mixed Platforms.Build.0 = Release|Any CPU
		{9CCE283B-B632-42A8-A90F-F29C6299F4FA}.Release|x86.ActiveCfg = Release|Any CPU
	EndGlobalSection
	GlobalSection(SolutionProperties) = preSolution
		HideSolutionNode = FALSE
	EndGlobalSection
EndGlobal
