
Microsoft Visual Studio Solution File, Format Version 11.00
# Visual Studio 2010
Project("{FAE04EC0-301F-11D3-BF4B-00C04F79EFBC}") = "TestProj", "TestProj\TestProj\TestProj.csproj", "{FEEE09B6-48EA-4E9F-B8E1-8906D86607B8}"
EndProject
Project("{96E2B04D-8817-42C6-938A-82C39BA4D311}") = "TestProjContent", "TestProj\TestProjContent\TestProjContent.contentproj", "{99E6A36E-AD3C-47BB-A3BE-01136E320831}"
EndProject
Global
	GlobalSection(SolutionConfigurationPlatforms) = preSolution
		Debug|x86 = Debug|x86
		Release|x86 = Release|x86
	EndGlobalSection
	GlobalSection(ProjectConfigurationPlatforms) = postSolution
		{FEEE09B6-48EA-4E9F-B8E1-8906D86607B8}.Debug|x86.ActiveCfg = Debug|x86
		{FEEE09B6-48EA-4E9F-B8E1-8906D86607B8}.Debug|x86.Build.0 = Debug|x86
		{FEEE09B6-48EA-4E9F-B8E1-8906D86607B8}.Release|x86.ActiveCfg = Release|x86
		{FEEE09B6-48EA-4E9F-B8E1-8906D86607B8}.Release|x86.Build.0 = Release|x86
		{99E6A36E-AD3C-47BB-A3BE-01136E320831}.Debug|x86.ActiveCfg = Debug|x86
		{99E6A36E-AD3C-47BB-A3BE-01136E320831}.Release|x86.ActiveCfg = Release|x86
	EndGlobalSection
	GlobalSection(SolutionProperties) = preSolution
		HideSolutionNode = FALSE
	EndGlobalSection
EndGlobal
